
Microsoft Visual Studio Solution File, Format Version 12.00
# Visual Studio 15
VisualStudioVersion = 15.0.28010.2036
MinimumVisualStudioVersion = 10.0.40219.1
Project("{FAE04EC0-301F-11D3-BF4B-00C04F79EFBC}") = "FTPUpload", "FTPUpload\FTPUpload.csproj", "{9EA185AA-F5F6-45D1-868C-3B0D65A6A45E}"
EndProject
Global
	GlobalSection(SolutionConfigurationPlatforms) = preSolution
		Debug|Any CPU = Debug|Any CPU
		Release|Any CPU = Release|Any CPU
	EndGlobalSection
	GlobalSection(ProjectConfigurationPlatforms) = postSolution
		{9EA185AA-F5F6-45D1-868C-3B0D65A6A45E}.Debug|Any CPU.ActiveCfg = Debug|Any CPU
		{9EA185AA-F5F6-45D1-868C-3B0D65A6A45E}.Debug|Any CPU.Build.0 = Debug|Any CPU
		{9EA185AA-F5F6-45D1-868C-3B0D65A6A45E}.Release|Any CPU.ActiveCfg = Release|Any CPU
		{9EA185AA-F5F6-45D1-868C-3B0D65A6A45E}.Release|Any CPU.Build.0 = Release|Any CPU
	EndGlobalSection
	GlobalSection(SolutionProperties) = preSolution
		HideSolutionNode = FALSE
	EndGlobalSection
	GlobalSection(ExtensibilityGlobals) = postSolution
		SolutionGuid = {0A98C700-124E-433B-8D9E-B89B28612C4B}
	EndGlobalSection
EndGlobal
